github.com/google/uuid v1.6.0 h1:NIvaJDMOsjHA8n1jAhLSgzrAzy1Hgr+hNrb57e+94F0=
github.com/google/uuid v1.6.0/go.mod h1:TIyPZe4MgqvfeYDBFedMoGGpEw/LqOeaOT+nhxU+yHo=
github.com/shuryak/api-wrappers v0.0.0-20240516122218-b72e68d4c1eb h1:82iN4c50nwGmFn9WlD6avrql3whym5HCW0HDdc+HbZg=
github.com/shuryak/api-wrappers v0.0.0-20240516122218-b72e68d4c1eb/go.mod h1:EU7QkXb6z0qrAd8iAnr8xnFocw4dH0lNd3KFWXSvi68=
golang.org/x/crypto v0.28.0 h1:GBDwsMXVQi34v5CCYUm2jkJvu4cbtru2U4TN2PSyQnw=
golang.org/x/crypto v0.28.0/go.mod h1:rmgy+3RHxRZMyY0jjAJShp2zgEdOqj2AO7U0pYmeQ7U=
